
Microsoft Visual Studio Solution File, Format Version 12.00
# Visual Studio Version 17
VisualStudioVersion = 17.11.35222.181
MinimumVisualStudioVersion = 10.0.40219.1
Project("{FAE04EC0-301F-11D3-BF4B-00C04F79EFBC}") = "BikeStores2", "BikeStores2.csproj", "{5DC9D644-7A23-4A9D-9CA0-DD156FE653CA}"
EndProject
Global
	GlobalSection(SolutionConfigurationPlatforms) = preSolution
		Debug|Any CPU = Debug|Any CPU
		Release|Any CPU = Release|Any CPU
	EndGlobalSection
	GlobalSection(ProjectConfigurationPlatforms) = postSolution
		{5DC9D644-7A23-4A9D-9CA0-DD156FE653CA}.Debug|Any CPU.ActiveCfg = Debug|Any CPU
		{5DC9D644-7A23-4A9D-9CA0-DD156FE653CA}.Debug|Any CPU.Build.0 = Debug|Any CPU
		{5DC9D644-7A23-4A9D-9CA0-DD156FE653CA}.Release|Any CPU.ActiveCfg = Release|Any CPU
		{5DC9D644-7A23-4A9D-9CA0-DD156FE653CA}.Release|Any CPU.Build.0 = Release|Any CPU
	EndGlobalSection
	GlobalSection(SolutionProperties) = preSolution
		HideSolutionNode = FALSE
	EndGlobalSection
	GlobalSection(ExtensibilityGlobals) = postSolution
		SolutionGuid = {D408BF5E-F6C6-406A-954C-31CF1292F5B6}
	EndGlobalSection
EndGlobal
